// !$*UTF8*$!
{
	archiveVersion = 1;
	classes = {
	};
	objectVersion = 50;
	objects = {

/* Begin PBXBuildFile section */
		22C3519AF42515C0D495D4E4 /* Pods_ThesisProjectVIPERExample.framework in Frameworks */ = {isa = PBXBuildFile; fileRef = 37445F42D1FF166CD2129602 /* Pods_ThesisProjectVIPERExample.framework */; };
		96C3D2D4F55FC5810928D0B0 /* Pods_ThesisProjectVIPERExampleTests.framework in Frameworks */ = {isa = PBXBuildFile; fileRef = 4BDA745C06E488CFB1620D87 /* Pods_ThesisProjectVIPERExampleTests.framework */; };
		98572B2521BDAA22009C8D81 /* AppDelegate.swift in Sources */ = {isa = PBXBuildFile; fileRef = 98572B2421BDAA22009C8D81 /* AppDelegate.swift */; };
		98572B2721BDAA22009C8D81 /* ViewController.swift in Sources */ = {isa = PBXBuildFile; fileRef = 98572B2621BDAA22009C8D81 /* ViewController.swift */; };
		98572B2A21BDAA22009C8D81 /* Main.storyboard in Resources */ = {isa = PBXBuildFile; fileRef = 98572B2821BDAA22009C8D81 /* Main.storyboard */; };
		98572B2D21BDAA22009C8D81 /* ThesisProjectVIPERExample.xcdatamodeld in Sources */ = {isa = PBXBuildFile; fileRef = 98572B2B21BDAA22009C8D81 /* ThesisProjectVIPERExample.xcdatamodeld */; };
		98572B2F21BDAA23009C8D81 /* Assets.xcassets in Resources */ = {isa = PBXBuildFile; fileRef = 98572B2E21BDAA23009C8D81 /* Assets.xcassets */; };
		98572B3221BDAA23009C8D81 /* LaunchScreen.storyboard in Resources */ = {isa = PBXBuildFile; fileRef = 98572B3021BDAA23009C8D81 /* LaunchScreen.storyboard */; };
		98572B3D21BDAA23009C8D81 /* ThesisProjectVIPERExampleTests.swift in Sources */ = {isa = PBXBuildFile; fileRef = 98572B3C21BDAA23009C8D81 /* ThesisProjectVIPERExampleTests.swift */; };
		98986A4E21CF112F00408831 /* AssetCodeMapper.swift in Sources */ = {isa = PBXBuildFile; fileRef = 98986A4D21CF112F00408831 /* AssetCodeMapper.swift */; };
		98986A5021CF113800408831 /* ButtonType.swift in Sources */ = {isa = PBXBuildFile; fileRef = 98986A4F21CF113800408831 /* ButtonType.swift */; };
		98986A5221CF114600408831 /* SeparatorStyle.swift in Sources */ = {isa = PBXBuildFile; fileRef = 98986A5121CF114600408831 /* SeparatorStyle.swift */; };
		98986A5421CF117900408831 /* UIButton+Extensions.swift in Sources */ = {isa = PBXBuildFile; fileRef = 98986A5321CF117900408831 /* UIButton+Extensions.swift */; };
		98986A5621CF118100408831 /* UIColor+Extensions.swift in Sources */ = {isa = PBXBuildFile; fileRef = 98986A5521CF118100408831 /* UIColor+Extensions.swift */; };
		98986A5821CF118A00408831 /* UITableViewCell+Extensions.swift in Sources */ = {isa = PBXBuildFile; fileRef = 98986A5721CF118A00408831 /* UITableViewCell+Extensions.swift */; };
		98986A5A21CF11C300408831 /* AppRepositoryType.swift in Sources */ = {isa = PBXBuildFile; fileRef = 98986A5921CF11C300408831 /* AppRepositoryType.swift */; };
		98986A5C21CF11CD00408831 /* AppRepository.swift in Sources */ = {isa = PBXBuildFile; fileRef = 98986A5B21CF11CD00408831 /* AppRepository.swift */; };
		98986A5E21CF11EB00408831 /* APIManagerType.swift in Sources */ = {isa = PBXBuildFile; fileRef = 98986A5D21CF11EB00408831 /* APIManagerType.swift */; };
		98986A6021CF11F400408831 /* APIManager.swift in Sources */ = {isa = PBXBuildFile; fileRef = 98986A5F21CF11F400408831 /* APIManager.swift */; };
		98986A6221CF11FF00408831 /* APIResult.swift in Sources */ = {isa = PBXBuildFile; fileRef = 98986A6121CF11FF00408831 /* APIResult.swift */; };
		98986A6421CF120800408831 /* APIError.swift in Sources */ = {isa = PBXBuildFile; fileRef = 98986A6321CF120800408831 /* APIError.swift */; };
		98986A6721CF127100408831 /* City.swift in Sources */ = {isa = PBXBuildFile; fileRef = 98986A6621CF127100408831 /* City.swift */; };
		98986A6921CF127900408831 /* Coordinates.swift in Sources */ = {isa = PBXBuildFile; fileRef = 98986A6821CF127900408831 /* Coordinates.swift */; };
		98986A6B21CF128200408831 /* Forecast.swift in Sources */ = {isa = PBXBuildFile; fileRef = 98986A6A21CF128200408831 /* Forecast.swift */; };
		98986A6D21CF128A00408831 /* Location.swift in Sources */ = {isa = PBXBuildFile; fileRef = 98986A6C21CF128A00408831 /* Location.swift */; };
		98986A7021CF12EA00408831 /* APIConsolidatedWeather.swift in Sources */ = {isa = PBXBuildFile; fileRef = 98986A6F21CF12EA00408831 /* APIConsolidatedWeather.swift */; };
		98986A7221CF12FD00408831 /* APIForecast.swift in Sources */ = {isa = PBXBuildFile; fileRef = 98986A7121CF12FD00408831 /* APIForecast.swift */; };
		98986A7421CF130900408831 /* APIParent.swift in Sources */ = {isa = PBXBuildFile; fileRef = 98986A7321CF130900408831 /* APIParent.swift */; };
		98986A7621CF131300408831 /* APISource.swift in Sources */ = {isa = PBXBuildFile; fileRef = 98986A7521CF131300408831 /* APISource.swift */; };
		98986A7921CF138400408831 /* CityAdapter.swift in Sources */ = {isa = PBXBuildFile; fileRef = 98986A7821CF138400408831 /* CityAdapter.swift */; };
		98986A7B21CF138C00408831 /* CoordinatesAdapter.swift in Sources */ = {isa = PBXBuildFile; fileRef = 98986A7A21CF138C00408831 /* CoordinatesAdapter.swift */; };
		98986A7D21CF139700408831 /* ForecastAdapter.swift in Sources */ = {isa = PBXBuildFile; fileRef = 98986A7C21CF139700408831 /* ForecastAdapter.swift */; };
		98986A7F21CF139F00408831 /* ForecastCollectionAdapter.swift in Sources */ = {isa = PBXBuildFile; fileRef = 98986A7E21CF139F00408831 /* ForecastCollectionAdapter.swift */; };
		98986A8121CF13A800408831 /* LocationAdapter.swift in Sources */ = {isa = PBXBuildFile; fileRef = 98986A8021CF13A800408831 /* LocationAdapter.swift */; };
		98986A8321CF13B100408831 /* LocationCollectionAdapter.swift in Sources */ = {isa = PBXBuildFile; fileRef = 98986A8221CF13B100408831 /* LocationCollectionAdapter.swift */; };
/* End PBXBuildFile section */

/* Begin PBXContainerItemProxy section */
		98572B3921BDAA23009C8D81 /* PBXContainerItemProxy */ = {
			isa = PBXContainerItemProxy;
			containerPortal = 98572B1921BDAA22009C8D81 /* Project object */;
			proxyType = 1;
			remoteGlobalIDString = 98572B2021BDAA22009C8D81;
			remoteInfo = ThesisProjectVIPERExample;
		};
/* End PBXContainerItemProxy section */

/* Begin PBXFileReference section */
		37445F42D1FF166CD2129602 /* Pods_ThesisProjectVIPERExample.framework */ = {isa = PBXFileReference; explicitFileType = wrapper.framework; includeInIndex = 0; path = Pods_ThesisProjectVIPERExample.framework; sourceTree = BUILT_PRODUCTS_DIR; };
		4BDA745C06E488CFB1620D87 /* Pods_ThesisProjectVIPERExampleTests.framework */ = {isa = PBXFileReference; explicitFileType = wrapper.framework; includeInIndex = 0; path = Pods_ThesisProjectVIPERExampleTests.framework; sourceTree = BUILT_PRODUCTS_DIR; };
		4EA51D6F78CB0692A8917B70 /* Pods-ThesisProjectVIPERExampleTests.debug.xcconfig */ = {isa = PBXFileReference; includeInIndex = 1; lastKnownFileType = text.xcconfig; name = "Pods-ThesisProjectVIPERExampleTests.debug.xcconfig"; path = "Pods/Target Support Files/Pods-ThesisProjectVIPERExampleTests/Pods-ThesisProjectVIPERExampleTests.debug.xcconfig"; sourceTree = "<group>"; };
		738251771BC5E3B901698A83 /* Pods-ThesisProjectVIPERExample.release.xcconfig */ = {isa = PBXFileReference; includeInIndex = 1; lastKnownFileType = text.xcconfig; name = "Pods-ThesisProjectVIPERExample.release.xcconfig"; path = "Pods/Target Support Files/Pods-ThesisProjectVIPERExample/Pods-ThesisProjectVIPERExample.release.xcconfig"; sourceTree = "<group>"; };
		98572B2121BDAA22009C8D81 /* ThesisProjectVIPERExample.app */ = {isa = PBXFileReference; explicitFileType = wrapper.application; includeInIndex = 0; path = ThesisProjectVIPERExample.app; sourceTree = BUILT_PRODUCTS_DIR; };
		98572B2421BDAA22009C8D81 /* AppDelegate.swift */ = {isa = PBXFileReference; lastKnownFileType = sourcecode.swift; path = AppDelegate.swift; sourceTree = "<group>"; };
		98572B2621BDAA22009C8D81 /* ViewController.swift */ = {isa = PBXFileReference; lastKnownFileType = sourcecode.swift; path = ViewController.swift; sourceTree = "<group>"; };
		98572B2921BDAA22009C8D81 /* Base */ = {isa = PBXFileReference; lastKnownFileType = file.storyboard; name = Base; path = Base.lproj/Main.storyboard; sourceTree = "<group>"; };
		98572B2C21BDAA22009C8D81 /* ThesisProjectVIPERExample.xcdatamodel */ = {isa = PBXFileReference; lastKnownFileType = wrapper.xcdatamodel; path = ThesisProjectVIPERExample.xcdatamodel; sourceTree = "<group>"; };
		98572B2E21BDAA23009C8D81 /* Assets.xcassets */ = {isa = PBXFileReference; lastKnownFileType = folder.assetcatalog; path = Assets.xcassets; sourceTree = "<group>"; };
		98572B3121BDAA23009C8D81 /* Base */ = {isa = PBXFileReference; lastKnownFileType = file.storyboard; name = Base; path = Base.lproj/LaunchScreen.storyboard; sourceTree = "<group>"; };
		98572B3321BDAA23009C8D81 /* Info.plist */ = {isa = PBXFileReference; lastKnownFileType = text.plist.xml; path = Info.plist; sourceTree = "<group>"; };
		98572B3821BDAA23009C8D81 /* ThesisProjectVIPERExampleTests.xctest */ = {isa = PBXFileReference; explicitFileType = wrapper.cfbundle; includeInIndex = 0; path = ThesisProjectVIPERExampleTests.xctest; sourceTree = BUILT_PRODUCTS_DIR; };
		98572B3C21BDAA23009C8D81 /* ThesisProjectVIPERExampleTests.swift */ = {isa = PBXFileReference; lastKnownFileType = sourcecode.swift; path = ThesisProjectVIPERExampleTests.swift; sourceTree = "<group>"; };
		98572B3E21BDAA23009C8D81 /* Info.plist */ = {isa = PBXFileReference; lastKnownFileType = text.plist.xml; path = Info.plist; sourceTree = "<group>"; };
		98986A4D21CF112F00408831 /* AssetCodeMapper.swift */ = {isa = PBXFileReference; lastKnownFileType = sourcecode.swift; path = AssetCodeMapper.swift; sourceTree = "<group>"; };
		98986A4F21CF113800408831 /* ButtonType.swift */ = {isa = PBXFileReference; lastKnownFileType = sourcecode.swift; path = ButtonType.swift; sourceTree = "<group>"; };
		98986A5121CF114600408831 /* SeparatorStyle.swift */ = {isa = PBXFileReference; lastKnownFileType = sourcecode.swift; path = SeparatorStyle.swift; sourceTree = "<group>"; };
		98986A5321CF117900408831 /* UIButton+Extensions.swift */ = {isa = PBXFileReference; lastKnownFileType = sourcecode.swift; path = "UIButton+Extensions.swift"; sourceTree = "<group>"; };
		98986A5521CF118100408831 /* UIColor+Extensions.swift */ = {isa = PBXFileReference; lastKnownFileType = sourcecode.swift; path = "UIColor+Extensions.swift"; sourceTree = "<group>"; };
		98986A5721CF118A00408831 /* UITableViewCell+Extensions.swift */ = {isa = PBXFileReference; lastKnownFileType = sourcecode.swift; path = "UITableViewCell+Extensions.swift"; sourceTree = "<group>"; };
		98986A5921CF11C300408831 /* AppRepositoryType.swift */ = {isa = PBXFileReference; lastKnownFileType = sourcecode.swift; path = AppRepositoryType.swift; sourceTree = "<group>"; };
		98986A5B21CF11CD00408831 /* AppRepository.swift */ = {isa = PBXFileReference; lastKnownFileType = sourcecode.swift; path = AppRepository.swift; sourceTree = "<group>"; };
		98986A5D21CF11EB00408831 /* APIManagerType.swift */ = {isa = PBXFileReference; lastKnownFileType = sourcecode.swift; path = APIManagerType.swift; sourceTree = "<group>"; };
		98986A5F21CF11F400408831 /* APIManager.swift */ = {isa = PBXFileReference; lastKnownFileType = sourcecode.swift; path = APIManager.swift; sourceTree = "<group>"; };
		98986A6121CF11FF00408831 /* APIResult.swift */ = {isa = PBXFileReference; lastKnownFileType = sourcecode.swift; path = APIResult.swift; sourceTree = "<group>"; };
		98986A6321CF120800408831 /* APIError.swift */ = {isa = PBXFileReference; lastKnownFileType = sourcecode.swift; path = APIError.swift; sourceTree = "<group>"; };
		98986A6621CF127100408831 /* City.swift */ = {isa = PBXFileReference; lastKnownFileType = sourcecode.swift; path = City.swift; sourceTree = "<group>"; };
		98986A6821CF127900408831 /* Coordinates.swift */ = {isa = PBXFileReference; lastKnownFileType = sourcecode.swift; path = Coordinates.swift; sourceTree = "<group>"; };
		98986A6A21CF128200408831 /* Forecast.swift */ = {isa = PBXFileReference; lastKnownFileType = sourcecode.swift; path = Forecast.swift; sourceTree = "<group>"; };
		98986A6C21CF128A00408831 /* Location.swift */ = {isa = PBXFileReference; lastKnownFileType = sourcecode.swift; path = Location.swift; sourceTree = "<group>"; };
		98986A6F21CF12EA00408831 /* APIConsolidatedWeather.swift */ = {isa = PBXFileReference; lastKnownFileType = sourcecode.swift; path = APIConsolidatedWeather.swift; sourceTree = "<group>"; };
		98986A7121CF12FD00408831 /* APIForecast.swift */ = {isa = PBXFileReference; lastKnownFileType = sourcecode.swift; path = APIForecast.swift; sourceTree = "<group>"; };
		98986A7321CF130900408831 /* APIParent.swift */ = {isa = PBXFileReference; lastKnownFileType = sourcecode.swift; path = APIParent.swift; sourceTree = "<group>"; };
		98986A7521CF131300408831 /* APISource.swift */ = {isa = PBXFileReference; lastKnownFileType = sourcecode.swift; path = APISource.swift; sourceTree = "<group>"; };
		98986A7821CF138400408831 /* CityAdapter.swift */ = {isa = PBXFileReference; lastKnownFileType = sourcecode.swift; path = CityAdapter.swift; sourceTree = "<group>"; };
		98986A7A21CF138C00408831 /* CoordinatesAdapter.swift */ = {isa = PBXFileReference; lastKnownFileType = sourcecode.swift; path = CoordinatesAdapter.swift; sourceTree = "<group>"; };
		98986A7C21CF139700408831 /* ForecastAdapter.swift */ = {isa = PBXFileReference; lastKnownFileType = sourcecode.swift; path = ForecastAdapter.swift; sourceTree = "<group>"; };
		98986A7E21CF139F00408831 /* ForecastCollectionAdapter.swift */ = {isa = PBXFileReference; lastKnownFileType = sourcecode.swift; path = ForecastCollectionAdapter.swift; sourceTree = "<group>"; };
		98986A8021CF13A800408831 /* LocationAdapter.swift */ = {isa = PBXFileReference; lastKnownFileType = sourcecode.swift; path = LocationAdapter.swift; sourceTree = "<group>"; };
		98986A8221CF13B100408831 /* LocationCollectionAdapter.swift */ = {isa = PBXFileReference; lastKnownFileType = sourcecode.swift; path = LocationCollectionAdapter.swift; sourceTree = "<group>"; };
		FBC3676D04139924C77787EA /* Pods-ThesisProjectVIPERExampleTests.release.xcconfig */ = {isa = PBXFileReference; includeInIndex = 1; lastKnownFileType = text.xcconfig; name = "Pods-ThesisProjectVIPERExampleTests.release.xcconfig"; path = "Pods/Target Support Files/Pods-ThesisProjectVIPERExampleTests/Pods-ThesisProjectVIPERExampleTests.release.xcconfig"; sourceTree = "<group>"; };
		FF45F708382FEB69C11246BA /* Pods-ThesisProjectVIPERExample.debug.xcconfig */ = {isa = PBXFileReference; includeInIndex = 1; lastKnownFileType = text.xcconfig; name = "Pods-ThesisProjectVIPERExample.debug.xcconfig"; path = "Pods/Target Support Files/Pods-ThesisProjectVIPERExample/Pods-ThesisProjectVIPERExample.debug.xcconfig"; sourceTree = "<group>"; };
/* End PBXFileReference section */

/* Begin PBXFrameworksBuildPhase section */
		98572B1E21BDAA22009C8D81 /* Frameworks */ = {
			isa = PBXFrameworksBuildPhase;
			buildActionMask = 2147483647;
			files = (
				22C3519AF42515C0D495D4E4 /* Pods_ThesisProjectVIPERExample.framework in Frameworks */,
			);
			runOnlyForDeploymentPostprocessing = 0;
		};
		98572B3521BDAA23009C8D81 /* Frameworks */ = {
			isa = PBXFrameworksBuildPhase;
			buildActionMask = 2147483647;
			files = (
				96C3D2D4F55FC5810928D0B0 /* Pods_ThesisProjectVIPERExampleTests.framework in Frameworks */,
			);
			runOnlyForDeploymentPostprocessing = 0;
		};
/* End PBXFrameworksBuildPhase section */

/* Begin PBXGroup section */
		606B1FC20F24C500B45E8779 /* Pods */ = {
			isa = PBXGroup;
			children = (
				FF45F708382FEB69C11246BA /* Pods-ThesisProjectVIPERExample.debug.xcconfig */,
				738251771BC5E3B901698A83 /* Pods-ThesisProjectVIPERExample.release.xcconfig */,
				4EA51D6F78CB0692A8917B70 /* Pods-ThesisProjectVIPERExampleTests.debug.xcconfig */,
				FBC3676D04139924C77787EA /* Pods-ThesisProjectVIPERExampleTests.release.xcconfig */,
			);
			name = Pods;
			sourceTree = "<group>";
		};
		98572B1821BDAA22009C8D81 = {
			isa = PBXGroup;
			children = (
				98572B2321BDAA22009C8D81 /* ThesisProjectVIPERExample */,
				98572B3B21BDAA23009C8D81 /* ThesisProjectVIPERExampleTests */,
				98572B2221BDAA22009C8D81 /* Products */,
				606B1FC20F24C500B45E8779 /* Pods */,
				E2FB5DF43D19D7D1867D51B1 /* Frameworks */,
			);
			sourceTree = "<group>";
		};
		98572B2221BDAA22009C8D81 /* Products */ = {
			isa = PBXGroup;
			children = (
				98572B2121BDAA22009C8D81 /* ThesisProjectVIPERExample.app */,
				98572B3821BDAA23009C8D81 /* ThesisProjectVIPERExampleTests.xctest */,
			);
			name = Products;
			sourceTree = "<group>";
		};
		98572B2321BDAA22009C8D81 /* ThesisProjectVIPERExample */ = {
			isa = PBXGroup;
			children = (
				98986A4721CF10B900408831 /* Project */,
				98986A4821CF10C300408831 /* Utilities */,
				98986A4921CF10CD00408831 /* Resources */,
				98572B2421BDAA22009C8D81 /* AppDelegate.swift */,
				98572B3321BDAA23009C8D81 /* Info.plist */,
				98572B2B21BDAA22009C8D81 /* ThesisProjectVIPERExample.xcdatamodeld */,
			);
			path = ThesisProjectVIPERExample;
			sourceTree = "<group>";
		};
		98572B3B21BDAA23009C8D81 /* ThesisProjectVIPERExampleTests */ = {
			isa = PBXGroup;
			children = (
				98572B3C21BDAA23009C8D81 /* ThesisProjectVIPERExampleTests.swift */,
				98572B3E21BDAA23009C8D81 /* Info.plist */,
			);
			path = ThesisProjectVIPERExampleTests;
			sourceTree = "<group>";
		};
		98986A4721CF10B900408831 /* Project */ = {
			isa = PBXGroup;
			children = (
				98572B2621BDAA22009C8D81 /* ViewController.swift */,
				98986A6521CF124000408831 /* Entities */,
			);
			path = Project;
			sourceTree = "<group>";
		};
		98986A4821CF10C300408831 /* Utilities */ = {
			isa = PBXGroup;
			children = (
				98986A4C21CF112200408831 /* API */,
				98986A4B21CF111900408831 /* Repository */,
				98986A4A21CF111000408831 /* Extensions */,
				98986A4D21CF112F00408831 /* AssetCodeMapper.swift */,
				98986A4F21CF113800408831 /* ButtonType.swift */,
				98986A5121CF114600408831 /* SeparatorStyle.swift */,
			);
			path = Utilities;
			sourceTree = "<group>";
		};
		98986A4921CF10CD00408831 /* Resources */ = {
			isa = PBXGroup;
			children = (
				98572B2E21BDAA23009C8D81 /* Assets.xcassets */,
				98572B3021BDAA23009C8D81 /* LaunchScreen.storyboard */,
				98572B2821BDAA22009C8D81 /* Main.storyboard */,
			);
			path = Resources;
			sourceTree = "<group>";
		};
		98986A4A21CF111000408831 /* Extensions */ = {
			isa = PBXGroup;
			children = (
				98986A5321CF117900408831 /* UIButton+Extensions.swift */,
				98986A5521CF118100408831 /* UIColor+Extensions.swift */,
				98986A5721CF118A00408831 /* UITableViewCell+Extensions.swift */,
			);
			path = Extensions;
			sourceTree = "<group>";
		};
		98986A4B21CF111900408831 /* Repository */ = {
			isa = PBXGroup;
			children = (
				98986A5921CF11C300408831 /* AppRepositoryType.swift */,
				98986A5B21CF11CD00408831 /* AppRepository.swift */,
			);
			path = Repository;
			sourceTree = "<group>";
		};
		98986A4C21CF112200408831 /* API */ = {
			isa = PBXGroup;
			children = (
				98986A5D21CF11EB00408831 /* APIManagerType.swift */,
				98986A5F21CF11F400408831 /* APIManager.swift */,
				98986A6121CF11FF00408831 /* APIResult.swift */,
				98986A6321CF120800408831 /* APIError.swift */,
			);
			path = API;
			sourceTree = "<group>";
		};
		98986A6521CF124000408831 /* Entities */ = {
			isa = PBXGroup;
			children = (
				98986A7721CF137A00408831 /* Adapters */,
				98986A6E21CF12D700408831 /* APIModels */,
				98986A6621CF127100408831 /* City.swift */,
				98986A6821CF127900408831 /* Coordinates.swift */,
				98986A6A21CF128200408831 /* Forecast.swift */,
				98986A6C21CF128A00408831 /* Location.swift */,
			);
			path = Entities;
			sourceTree = "<group>";
		};
		98986A6E21CF12D700408831 /* APIModels */ = {
			isa = PBXGroup;
			children = (
				98986A6F21CF12EA00408831 /* APIConsolidatedWeather.swift */,
				98986A7121CF12FD00408831 /* APIForecast.swift */,
				98986A7321CF130900408831 /* APIParent.swift */,
				98986A7521CF131300408831 /* APISource.swift */,
			);
			path = APIModels;
			sourceTree = "<group>";
		};
		98986A7721CF137A00408831 /* Adapters */ = {
			isa = PBXGroup;
			children = (
				98986A7821CF138400408831 /* CityAdapter.swift */,
				98986A7A21CF138C00408831 /* CoordinatesAdapter.swift */,
				98986A7C21CF139700408831 /* ForecastAdapter.swift */,
				98986A7E21CF139F00408831 /* ForecastCollectionAdapter.swift */,
				98986A8021CF13A800408831 /* LocationAdapter.swift */,
				98986A8221CF13B100408831 /* LocationCollectionAdapter.swift */,
			);
			path = Adapters;
			sourceTree = "<group>";
		};
		E2FB5DF43D19D7D1867D51B1 /* Frameworks */ = {
			isa = PBXGroup;
			children = (
				37445F42D1FF166CD2129602 /* Pods_ThesisProjectVIPERExample.framework */,
				4BDA745C06E488CFB1620D87 /* Pods_ThesisProjectVIPERExampleTests.framework */,
			);
			name = Frameworks;
			sourceTree = "<group>";
		};
/* End PBXGroup section */

/* Begin PBXNativeTarget section */
		98572B2021BDAA22009C8D81 /* ThesisProjectVIPERExample */ = {
			isa = PBXNativeTarget;
			buildConfigurationList = 98572B4121BDAA23009C8D81 /* Build configuration list for PBXNativeTarget "ThesisProjectVIPERExample" */;
			buildPhases = (
				37B4987B54EDDEF767D73DE5 /* [CP] Check Pods Manifest.lock */,
				98572B4721BDAC19009C8D81 /* SwiftLint */,
				98572B1D21BDAA22009C8D81 /* Sources */,
				98572B1E21BDAA22009C8D81 /* Frameworks */,
				98572B1F21BDAA22009C8D81 /* Resources */,
			);
			buildRules = (
			);
			dependencies = (
			);
			name = ThesisProjectVIPERExample;
			productName = ThesisProjectVIPERExample;
			productReference = 98572B2121BDAA22009C8D81 /* ThesisProjectVIPERExample.app */;
			productType = "com.apple.product-type.application";
		};
		98572B3721BDAA23009C8D81 /* ThesisProjectVIPERExampleTests */ = {
			isa = PBXNativeTarget;
			buildConfigurationList = 98572B4421BDAA23009C8D81 /* Build configuration list for PBXNativeTarget "ThesisProjectVIPERExampleTests" */;
			buildPhases = (
				E4822EBFD1A11663BB769739 /* [CP] Check Pods Manifest.lock */,
				98572B3421BDAA23009C8D81 /* Sources */,
				98572B3521BDAA23009C8D81 /* Frameworks */,
				98572B3621BDAA23009C8D81 /* Resources */,
			);
			buildRules = (
			);
			dependencies = (
				98572B3A21BDAA23009C8D81 /* PBXTargetDependency */,
			);
			name = ThesisProjectVIPERExampleTests;
			productName = ThesisProjectVIPERExampleTests;
			productReference = 98572B3821BDAA23009C8D81 /* ThesisProjectVIPERExampleTests.xctest */;
			productType = "com.apple.product-type.bundle.unit-test";
		};
/* End PBXNativeTarget section */

/* Begin PBXProject section */
		98572B1921BDAA22009C8D81 /* Project object */ = {
			isa = PBXProject;
			attributes = {
				LastSwiftUpdateCheck = 1010;
				LastUpgradeCheck = 1010;
				ORGANIZATIONNAME = "Maciej Hełmecki";
				TargetAttributes = {
					98572B2021BDAA22009C8D81 = {
						CreatedOnToolsVersion = 10.1;
					};
					98572B3721BDAA23009C8D81 = {
						CreatedOnToolsVersion = 10.1;
						TestTargetID = 98572B2021BDAA22009C8D81;
					};
				};
			};
			buildConfigurationList = 98572B1C21BDAA22009C8D81 /* Build configuration list for PBXProject "ThesisProjectVIPERExample" */;
			compatibilityVersion = "Xcode 9.3";
			developmentRegion = en;
			hasScannedForEncodings = 0;
			knownRegions = (
				en,
				Base,
			);
			mainGroup = 98572B1821BDAA22009C8D81;
			productRefGroup = 98572B2221BDAA22009C8D81 /* Products */;
			projectDirPath = "";
			projectRoot = "";
			targets = (
				98572B2021BDAA22009C8D81 /* ThesisProjectVIPERExample */,
				98572B3721BDAA23009C8D81 /* ThesisProjectVIPERExampleTests */,
			);
		};
/* End PBXProject section */

/* Begin PBXResourcesBuildPhase section */
		98572B1F21BDAA22009C8D81 /* Resources */ = {
			isa = PBXResourcesBuildPhase;
			buildActionMask = 2147483647;
			files = (
				98572B3221BDAA23009C8D81 /* LaunchScreen.storyboard in Resources */,
				98572B2F21BDAA23009C8D81 /* Assets.xcassets in Resources */,
				98572B2A21BDAA22009C8D81 /* Main.storyboard in Resources */,
			);
			runOnlyForDeploymentPostprocessing = 0;
		};
		98572B3621BDAA23009C8D81 /* Resources */ = {
			isa = PBXResourcesBuildPhase;
			buildActionMask = 2147483647;
			files = (
			);
			runOnlyForDeploymentPostprocessing = 0;
		};
/* End PBXResourcesBuildPhase section */

/* Begin PBXShellScriptBuildPhase section */
		37B4987B54EDDEF767D73DE5 /* [CP] Check Pods Manifest.lock */ = {
			isa = PBXShellScriptBuildPhase;
			buildActionMask = 2147483647;
			files = (
			);
			inputFileListPaths = (
			);
			inputPaths = (
				"${PODS_PODFILE_DIR_PATH}/Podfile.lock",
				"${PODS_ROOT}/Manifest.lock",
			);
			name = "[CP] Check Pods Manifest.lock";
			outputFileListPaths = (
			);
			outputPaths = (
				"$(DERIVED_FILE_DIR)/Pods-ThesisProjectVIPERExample-checkManifestLockResult.txt",
			);
			runOnlyForDeploymentPostprocessing = 0;
			shellPath = /bin/sh;
			shellScript = "diff \"${PODS_PODFILE_DIR_PATH}/Podfile.lock\" \"${PODS_ROOT}/Manifest.lock\" > /dev/null\nif [ $? != 0 ] ; then\n    # print error to STDERR\n    echo \"error: The sandbox is not in sync with the Podfile.lock. Run 'pod install' or update your CocoaPods installation.\" >&2\n    exit 1\nfi\n# This output is used by Xcode 'outputs' to avoid re-running this script phase.\necho \"SUCCESS\" > \"${SCRIPT_OUTPUT_FILE_0}\"\n";
			showEnvVarsInLog = 0;
		};
		98572B4721BDAC19009C8D81 /* SwiftLint */ = {
			isa = PBXShellScriptBuildPhase;
			buildActionMask = 2147483647;
			files = (
			);
			inputFileListPaths = (
			);
			inputPaths = (
			);
			name = SwiftLint;
			outputFileListPaths = (
			);
			outputPaths = (
			);
			runOnlyForDeploymentPostprocessing = 0;
			shellPath = /bin/sh;
			shellScript = "if which swiftlint >/dev/null; then\nswiftlint\nelse\necho \"warning: SwiftLint not installed, download from https://github.com/realm/SwiftLint\"\nfi\n";
		};
		E4822EBFD1A11663BB769739 /* [CP] Check Pods Manifest.lock */ = {
			isa = PBXShellScriptBuildPhase;
			buildActionMask = 2147483647;
			files = (
			);
			inputFileListPaths = (
			);
			inputPaths = (
				"${PODS_PODFILE_DIR_PATH}/Podfile.lock",
				"${PODS_ROOT}/Manifest.lock",
			);
			name = "[CP] Check Pods Manifest.lock";
			outputFileListPaths = (
			);
			outputPaths = (
				"$(DERIVED_FILE_DIR)/Pods-ThesisProjectVIPERExampleTests-checkManifestLockResult.txt",
			);
			runOnlyForDeploymentPostprocessing = 0;
			shellPath = /bin/sh;
			shellScript = "diff \"${PODS_PODFILE_DIR_PATH}/Podfile.lock\" \"${PODS_ROOT}/Manifest.lock\" > /dev/null\nif [ $? != 0 ] ; then\n    # print error to STDERR\n    echo \"error: The sandbox is not in sync with the Podfile.lock. Run 'pod install' or update your CocoaPods installation.\" >&2\n    exit 1\nfi\n# This output is used by Xcode 'outputs' to avoid re-running this script phase.\necho \"SUCCESS\" > \"${SCRIPT_OUTPUT_FILE_0}\"\n";
			showEnvVarsInLog = 0;
		};
/* End PBXShellScriptBuildPhase section */

/* Begin PBXSourcesBuildPhase section */
		98572B1D21BDAA22009C8D81 /* Sources */ = {
			isa = PBXSourcesBuildPhase;
			buildActionMask = 2147483647;
			files = (
				98986A5021CF113800408831 /* ButtonType.swift in Sources */,
				98986A5421CF117900408831 /* UIButton+Extensions.swift in Sources */,
				98986A7D21CF139700408831 /* ForecastAdapter.swift in Sources */,
				98986A7421CF130900408831 /* APIParent.swift in Sources */,
				98986A4E21CF112F00408831 /* AssetCodeMapper.swift in Sources */,
				98986A5621CF118100408831 /* UIColor+Extensions.swift in Sources */,
				98986A6B21CF128200408831 /* Forecast.swift in Sources */,
				98986A7921CF138400408831 /* CityAdapter.swift in Sources */,
				98986A6921CF127900408831 /* Coordinates.swift in Sources */,
				98572B2721BDAA22009C8D81 /* ViewController.swift in Sources */,
				98986A6221CF11FF00408831 /* APIResult.swift in Sources */,
				98986A5221CF114600408831 /* SeparatorStyle.swift in Sources */,
				98986A5E21CF11EB00408831 /* APIManagerType.swift in Sources */,
				98986A7221CF12FD00408831 /* APIForecast.swift in Sources */,
				98986A7021CF12EA00408831 /* APIConsolidatedWeather.swift in Sources */,
				98986A6421CF120800408831 /* APIError.swift in Sources */,
				98572B2D21BDAA22009C8D81 /* ThesisProjectVIPERExample.xcdatamodeld in Sources */,
				98986A5A21CF11C300408831 /* AppRepositoryType.swift in Sources */,
				98986A5C21CF11CD00408831 /* AppRepository.swift in Sources */,
				98986A6D21CF128A00408831 /* Location.swift in Sources */,
				98986A7F21CF139F00408831 /* ForecastCollectionAdapter.swift in Sources */,
				98986A8321CF13B100408831 /* LocationCollectionAdapter.swift in Sources */,
				98986A6021CF11F400408831 /* APIManager.swift in Sources */,
				98986A7621CF131300408831 /* APISource.swift in Sources */,
				98572B2521BDAA22009C8D81 /* AppDelegate.swift in Sources */,
				98986A6721CF127100408831 /* City.swift in Sources */,
				98986A7B21CF138C00408831 /* CoordinatesAdapter.swift in Sources */,
				98986A8121CF13A800408831 /* LocationAdapter.swift in Sources */,
				98986A5821CF118A00408831 /* UITableViewCell+Extensions.swift in Sources */,
			);
			runOnlyForDeploymentPostprocessing = 0;
		};
		98572B3421BDAA23009C8D81 /* Sources */ = {
			isa = PBXSourcesBuildPhase;
			buildActionMask = 2147483647;
			files = (
				98572B3D21BDAA23009C8D81 /* ThesisProjectVIPERExampleTests.swift in Sources */,
			);
			runOnlyForDeploymentPostprocessing = 0;
		};
/* End PBXSourcesBuildPhase section */

/* Begin PBXTargetDependency section */
		98572B3A21BDAA23009C8D81 /* PBXTargetDependency */ = {
			isa = PBXTargetDependency;
			target = 98572B2021BDAA22009C8D81 /* ThesisProjectVIPERExample */;
			targetProxy = 98572B3921BDAA23009C8D81 /* PBXContainerItemProxy */;
		};
/* End PBXTargetDependency section */

/* Begin PBXVariantGroup section */
		98572B2821BDAA22009C8D81 /* Main.storyboard */ = {
			isa = PBXVariantGroup;
			children = (
				98572B2921BDAA22009C8D81 /* Base */,
			);
			name = Main.storyboard;
			sourceTree = "<group>";
		};
		98572B3021BDAA23009C8D81 /* LaunchScreen.storyboard */ = {
			isa = PBXVariantGroup;
			children = (
				98572B3121BDAA23009C8D81 /* Base */,
			);
			name = LaunchScreen.storyboard;
			sourceTree = "<group>";
		};
/* End PBXVariantGroup section */

/* Begin XCBuildConfiguration section */
		98572B3F21BDAA23009C8D81 /* Debug */ = {
			isa = XCBuildConfiguration;
			buildSettings = {
				ALWAYS_SEARCH_USER_PATHS = NO;
				CLANG_ANALYZER_NONNULL = YES;
				CLANG_ANALYZER_NUMBER_OBJECT_CONVERSION = YES_AGGRESSIVE;
				CLANG_CXX_LANGUAGE_STANDARD = "gnu++14";
				CLANG_CXX_LIBRARY = "libc++";
				CLANG_ENABLE_MODULES = YES;
				CLANG_ENABLE_OBJC_ARC = YES;
				CLANG_ENABLE_OBJC_WEAK = YES;
				CLANG_WARN_BLOCK_CAPTURE_AUTORELEASING = YES;
				CLANG_WARN_BOOL_CONVERSION = YES;
				CLANG_WARN_COMMA = YES;
				CLANG_WARN_CONSTANT_CONVERSION = YES;
				CLANG_WARN_DEPRECATED_OBJC_IMPLEMENTATIONS = YES;
				CLANG_WARN_DIRECT_OBJC_ISA_USAGE = YES_ERROR;
				CLANG_WARN_DOCUMENTATION_COMMENTS = YES;
				CLANG_WARN_EMPTY_BODY = YES;
				CLANG_WARN_ENUM_CONVERSION = YES;
				CLANG_WARN_INFINITE_RECURSION = YES;
				CLANG_WARN_INT_CONVERSION = YES;
				CLANG_WARN_NON_LITERAL_NULL_CONVERSION = YES;
				CLANG_WARN_OBJC_IMPLICIT_RETAIN_SELF = YES;
				CLANG_WARN_OBJC_LITERAL_CONVERSION = YES;
				CLANG_WARN_OBJC_ROOT_CLASS = YES_ERROR;
				CLANG_WARN_RANGE_LOOP_ANALYSIS = YES;
				CLANG_WARN_STRICT_PROTOTYPES = YES;
				CLANG_WARN_SUSPICIOUS_MOVE = YES;
				CLANG_WARN_UNGUARDED_AVAILABILITY = YES_AGGRESSIVE;
				CLANG_WARN_UNREACHABLE_CODE = YES;
				CLANG_WARN__DUPLICATE_METHOD_MATCH = YES;
				CODE_SIGN_IDENTITY = "iPhone Developer";
				COPY_PHASE_STRIP = NO;
				DEBUG_INFORMATION_FORMAT = dwarf;
				ENABLE_STRICT_OBJC_MSGSEND = YES;
				ENABLE_TESTABILITY = YES;
				GCC_C_LANGUAGE_STANDARD = gnu11;
				GCC_DYNAMIC_NO_PIC = NO;
				GCC_NO_COMMON_BLOCKS = YES;
				GCC_OPTIMIZATION_LEVEL = 0;
				GCC_PREPROCESSOR_DEFINITIONS = (
					"DEBUG=1",
					"$(inherited)",
				);
				GCC_WARN_64_TO_32_BIT_CONVERSION = YES;
				GCC_WARN_ABOUT_RETURN_TYPE = YES_ERROR;
				GCC_WARN_UNDECLARED_SELECTOR = YES;
				GCC_WARN_UNINITIALIZED_AUTOS = YES_AGGRESSIVE;
				GCC_WARN_UNUSED_FUNCTION = YES;
				GCC_WARN_UNUSED_VARIABLE = YES;
				IPHONEOS_DEPLOYMENT_TARGET = 12.1;
				MTL_ENABLE_DEBUG_INFO = INCLUDE_SOURCE;
				MTL_FAST_MATH = YES;
				ONLY_ACTIVE_ARCH = YES;
				SDKROOT = iphoneos;
				SWIFT_ACTIVE_COMPILATION_CONDITIONS = DEBUG;
				SWIFT_OPTIMIZATION_LEVEL = "-Onone";
			};
			name = Debug;
		};
		98572B4021BDAA23009C8D81 /* Release */ = {
			isa = XCBuildConfiguration;
			buildSettings = {
				ALWAYS_SEARCH_USER_PATHS = NO;
				CLANG_ANALYZER_NONNULL = YES;
				CLANG_ANALYZER_NUMBER_OBJECT_CONVERSION = YES_AGGRESSIVE;
				CLANG_CXX_LANGUAGE_STANDARD = "gnu++14";
				CLANG_CXX_LIBRARY = "libc++";
				CLANG_ENABLE_MODULES = YES;
				CLANG_ENABLE_OBJC_ARC = YES;
				CLANG_ENABLE_OBJC_WEAK = YES;
				CLANG_WARN_BLOCK_CAPTURE_AUTORELEASING = YES;
				CLANG_WARN_BOOL_CONVERSION = YES;
				CLANG_WARN_COMMA = YES;
				CLANG_WARN_CONSTANT_CONVERSION = YES;
				CLANG_WARN_DEPRECATED_OBJC_IMPLEMENTATIONS = YES;
				CLANG_WARN_DIRECT_OBJC_ISA_USAGE = YES_ERROR;
				CLANG_WARN_DOCUMENTATION_COMMENTS = YES;
				CLANG_WARN_EMPTY_BODY = YES;
				CLANG_WARN_ENUM_CONVERSION = YES;
				CLANG_WARN_INFINITE_RECURSION = YES;
				CLANG_WARN_INT_CONVERSION = YES;
				CLANG_WARN_NON_LITERAL_NULL_CONVERSION = YES;
				CLANG_WARN_OBJC_IMPLICIT_RETAIN_SELF = YES;
				CLANG_WARN_OBJC_LITERAL_CONVERSION = YES;
				CLANG_WARN_OBJC_ROOT_CLASS = YES_ERROR;
				CLANG_WARN_RANGE_LOOP_ANALYSIS = YES;
				CLANG_WARN_STRICT_PROTOTYPES = YES;
				CLANG_WARN_SUSPICIOUS_MOVE = YES;
				CLANG_WARN_UNGUARDED_AVAILABILITY = YES_AGGRESSIVE;
				CLANG_WARN_UNREACHABLE_CODE = YES;
				CLANG_WARN__DUPLICATE_METHOD_MATCH = YES;
				CODE_SIGN_IDENTITY = "iPhone Developer";
				COPY_PHASE_STRIP = NO;
				DEBUG_INFORMATION_FORMAT = "dwarf-with-dsym";
				ENABLE_NS_ASSERTIONS = NO;
				ENABLE_STRICT_OBJC_MSGSEND = YES;
				GCC_C_LANGUAGE_STANDARD = gnu11;
				GCC_NO_COMMON_BLOCKS = YES;
				GCC_WARN_64_TO_32_BIT_CONVERSION = YES;
				GCC_WARN_ABOUT_RETURN_TYPE = YES_ERROR;
				GCC_WARN_UNDECLARED_SELECTOR = YES;
				GCC_WARN_UNINITIALIZED_AUTOS = YES_AGGRESSIVE;
				GCC_WARN_UNUSED_FUNCTION = YES;
				GCC_WARN_UNUSED_VARIABLE = YES;
				IPHONEOS_DEPLOYMENT_TARGET = 12.1;
				MTL_ENABLE_DEBUG_INFO = NO;
				MTL_FAST_MATH = YES;
				SDKROOT = iphoneos;
				SWIFT_COMPILATION_MODE = wholemodule;
				SWIFT_OPTIMIZATION_LEVEL = "-O";
				VALIDATE_PRODUCT = YES;
			};
			name = Release;
		};
		98572B4221BDAA23009C8D81 /* Debug */ = {
			isa = XCBuildConfiguration;
			baseConfigurationReference = FF45F708382FEB69C11246BA /* Pods-ThesisProjectVIPERExample.debug.xcconfig */;
			buildSettings = {
				ASSETCATALOG_COMPILER_APPICON_NAME = AppIcon;
				CODE_SIGN_STYLE = Automatic;
				DEVELOPMENT_TEAM = 43RS73H356;
				INFOPLIST_FILE = ThesisProjectVIPERExample/Info.plist;
				LD_RUNPATH_SEARCH_PATHS = (
					"$(inherited)",
					"@executable_path/Frameworks",
				);
				PRODUCT_BUNDLE_IDENTIFIER = com.helmecki.ThesisProjectVIPERExample;
				PRODUCT_NAME = "$(TARGET_NAME)";
				SWIFT_VERSION = 4.2;
				TARGETED_DEVICE_FAMILY = "1,2";
			};
			name = Debug;
		};
		98572B4321BDAA23009C8D81 /* Release */ = {
			isa = XCBuildConfiguration;
			baseConfigurationReference = 738251771BC5E3B901698A83 /* Pods-ThesisProjectVIPERExample.release.xcconfig */;
			buildSettings = {
				ASSETCATALOG_COMPILER_APPICON_NAME = AppIcon;
				CODE_SIGN_STYLE = Automatic;
				DEVELOPMENT_TEAM = 43RS73H356;
				INFOPLIST_FILE = ThesisProjectVIPERExample/Info.plist;
				LD_RUNPATH_SEARCH_PATHS = (
					"$(inherited)",
					"@executable_path/Frameworks",
				);
				PRODUCT_BUNDLE_IDENTIFIER = com.helmecki.ThesisProjectVIPERExample;
				PRODUCT_NAME = "$(TARGET_NAME)";
				SWIFT_VERSION = 4.2;
				TARGETED_DEVICE_FAMILY = "1,2";
			};
			name = Release;
		};
		98572B4521BDAA23009C8D81 /* Debug */ = {
			isa = XCBuildConfiguration;
			baseConfigurationReference = 4EA51D6F78CB0692A8917B70 /* Pods-ThesisProjectVIPERExampleTests.debug.xcconfig */;
			buildSettings = {
				ALWAYS_EMBED_SWIFT_STANDARD_LIBRARIES = YES;
				BUNDLE_LOADER = "$(TEST_HOST)";
				CODE_SIGN_STYLE = Automatic;
				DEVELOPMENT_TEAM = 43RS73H356;
				INFOPLIST_FILE = ThesisProjectVIPERExampleTests/Info.plist;
				LD_RUNPATH_SEARCH_PATHS = (
					"$(inherited)",
					"@executable_path/Frameworks",
					"@loader_path/Frameworks",
				);
				PRODUCT_BUNDLE_IDENTIFIER = com.helmecki.ThesisProjectVIPERExampleTests;
				PRODUCT_NAME = "$(TARGET_NAME)";
				SWIFT_VERSION = 4.2;
				TARGETED_DEVICE_FAMILY = "1,2";
				TEST_HOST = "$(BUILT_PRODUCTS_DIR)/ThesisProjectVIPERExample.app/ThesisProjectVIPERExample";
			};
			name = Debug;
		};
		98572B4621BDAA23009C8D81 /* Release */ = {
			isa = XCBuildConfiguration;
			baseConfigurationReference = FBC3676D04139924C77787EA /* Pods-ThesisProjectVIPERExampleTests.release.xcconfig */;
			buildSettings = {
				ALWAYS_EMBED_SWIFT_STANDARD_LIBRARIES = YES;
				BUNDLE_LOADER = "$(TEST_HOST)";
				CODE_SIGN_STYLE = Automatic;
				DEVELOPMENT_TEAM = 43RS73H356;
				INFOPLIST_FILE = ThesisProjectVIPERExampleTests/Info.plist;
				LD_RUNPATH_SEARCH_PATHS = (
					"$(inherited)",
					"@executable_path/Frameworks",
					"@loader_path/Frameworks",
				);
				PRODUCT_BUNDLE_IDENTIFIER = com.helmecki.ThesisProjectVIPERExampleTests;
				PRODUCT_NAME = "$(TARGET_NAME)";
				SWIFT_VERSION = 4.2;
				TARGETED_DEVICE_FAMILY = "1,2";
				TEST_HOST = "$(BUILT_PRODUCTS_DIR)/ThesisProjectVIPERExample.app/ThesisProjectVIPERExample";
			};
			name = Release;
		};
/* End XCBuildConfiguration section */

/* Begin XCConfigurationList section */
		98572B1C21BDAA22009C8D81 /* Build configuration list for PBXProject "ThesisProjectVIPERExample" */ = {
			isa = XCConfigurationList;
			buildConfigurations = (
				98572B3F21BDAA23009C8D81 /* Debug */,
				98572B4021BDAA23009C8D81 /* Release */,
			);
			defaultConfigurationIsVisible = 0;
			defaultConfigurationName = Release;
		};
		98572B4121BDAA23009C8D81 /* Build configuration list for PBXNativeTarget "ThesisProjectVIPERExample" */ = {
			isa = XCConfigurationList;
			buildConfigurations = (
				98572B4221BDAA23009C8D81 /* Debug */,
				98572B4321BDAA23009C8D81 /* Release */,
			);
			defaultConfigurationIsVisible = 0;
			defaultConfigurationName = Release;
		};
		98572B4421BDAA23009C8D81 /* Build configuration list for PBXNativeTarget "ThesisProjectVIPERExampleTests" */ = {
			isa = XCConfigurationList;
			buildConfigurations = (
				98572B4521BDAA23009C8D81 /* Debug */,
				98572B4621BDAA23009C8D81 /* Release */,
			);
			defaultConfigurationIsVisible = 0;
			defaultConfigurationName = Release;
		};
/* End XCConfigurationList section */

/* Begin XCVersionGroup section */
		98572B2B21BDAA22009C8D81 /* ThesisProjectVIPERExample.xcdatamodeld */ = {
			isa = XCVersionGroup;
			children = (
				98572B2C21BDAA22009C8D81 /* ThesisProjectVIPERExample.xcdatamodel */,
			);
			currentVersion = 98572B2C21BDAA22009C8D81 /* ThesisProjectVIPERExample.xcdatamodel */;
			path = ThesisProjectVIPERExample.xcdatamodeld;
			sourceTree = "<group>";
			versionGroupType = wrapper.xcdatamodel;
		};
/* End XCVersionGroup section */
	};
	rootObject = 98572B1921BDAA22009C8D81 /* Project object */;
}
